version = 1
revision = 3
requires-python = ">=3.10"

[[package]]
name = "deprecated"
version = "1.3.1"
source = { registry = "https://pypi.org/simple" }
dependencies = [
    { name = "wrapt" },
]
sdist = { url = "https://files.pythonhosted.org/packages/49/85/12f0a49a7c4ffb70572b6c2ef13c90c88fd190debda93b23f026b25f9634/deprecated-1.3.1.tar.gz", hash = "sha256:b1b50e0ff0c1fddaa5708a2c6b0a6588bb09b892825ab2b214ac9ea9d92a5223", size = 2932523, upload-time = "2025-10-30T08:19:02.757Z" }
wheels = [
    { url = "https://files.pythonhosted.org/packages/84/d0/205d54408c08b13550c733c4b85429e7ead111c7f0014309637425520a9a/deprecated-1.3.1-py2.py3-none-any.whl", hash = "sha256:597bfef186b6f60181535a29fbe44865ce137a5079f295b479886c82729d5f3f", size = 11298, upload-time = "2025-10-30T08:19:00.758Z" },
]

[[package]]
name = "jaconv"
version = "0.5.0"
source = { registry = "https://pypi.org/simple" }
sdist = { url = "https://files.pythonhosted.org/packages/91/0e/9fffaacda59bdfa479372c71d18d72968d2af5a36a5a2086b02a60124b98/jaconv-0.5.0.tar.gz", hash = "sha256:53f6f968276846716f0f37100a6d5c7308cfa1e0c714eb41287d5bb09345c40f", size = 21816, upload-time = "2026-02-08T11:15:57.07Z" }
wheels = [
    { url = "https://files.pythonhosted.org/packages/3b/da/9657d637bcacdbaf6a914ce504000da5639f9d945f8d3552a940f021d6c0/jaconv-0.5.0-py3-none-any.whl", hash = "sha256:2914114fe761ca49fc7089e25e6ad4a400c26f262ffce84e13b176916b71610a", size = 16831, upload-time = "2026-02-08T11:15:55.322Z" },
]

[[package]]
name = "pykakasi"
version = "2.3.0"
source = { registry = "https://pypi.org/simple" }
dependencies = [
    { name = "deprecated" },
    { name = "jaconv" },
]
sdist = { url = "https://files.pythonhosted.org/packages/ad/32/2a8e213fd744459a03864af7cf4c6142ee061fc915757c8152d147b16015/pykakasi-2.3.0.tar.gz", hash = "sha256:fa052a8e63f59fb8d6569abbe719a8c9f9daf15ed27a67a56ab1705f0f67b0a1", size = 21752447, upload-time = "2024-06-24T04:57:31.233Z" }
wheels = [
    { url = "https://files.pythonhosted.org/packages/0f/e8/11644fe823e05c583b330e9fb81e3e8fc5d079036512a8300fc157be349d/pykakasi-2.3.0-py3-none-any.whl", hash = "sha256:26d21b090048ff45c6a4d8e962426b7951767216008ec30358e8a9d74af77f29", size = 2395003, upload-time = "2024-06-24T04:57:18.101Z" },
]

[[package]]
name = "pypinyin"
version = "0.55.0"
source = { registry = "https://pypi.org/simple" }
sdist = { url = "https://files.pythonhosted.org/packages/b4/a4/784cf98c09e0dc22776b0d7d8a4a5b761218bcae4608c2416ce1e167c8af/pypinyin-0.55.0.tar.gz", hash = "sha256:b5711b3a0c6f76e67408ec6b2e3c4987a3a806b7c528076e7c7b86fcf0eaa66b", size = 839836, upload-time = "2025-07-20T12:01:50.657Z" }
wheels = [
    { url = "https://files.pythonhosted.org/packages/b9/7b/4cabc76fcc21c3c7d5c671d8783984d30ac9d3bb387c4ba784fca3cdfa3a/pypinyin-0.55.0-py2.py3-none-any.whl", hash = "sha256:d53b1e8ad2cdb815fb2cb604ed3123372f5a28c6f447571244aca36fc62a286f", size = 840203, upload-time = "2025-07-20T12:01:48.535Z" },
]

[[package]]
name = "videomanager"
version = "1.0.0"
source = { editable = "." }
dependencies = [
    { name = "pykakasi" },
    { name = "pypinyin" },
]

[package.metadata]
requires-dist = [
    { name = "pykakasi", specifier = ">=2.2.1" },
    { name = "pypinyin", specifier = ">=0.51.0" },
]

[[package]]
name = "wrapt"
version = "2.1.1"
source = { registry = "https://pypi.org/simple" }
sdist = { url = "https://files.pythonhosted.org/packages/f7/37/ae31f40bec90de2f88d9597d0b5281e23ffe85b893a47ca5d9c05c63a4f6/wrapt-2.1.1.tar.gz", hash = "sha256:5fdcb09bf6db023d88f312bd0767594b414655d58090fc1c46b3414415f67fac", size = 81329, upload-time = "2026-02-03T02:12:13.786Z" }
wheels = [
    { url = "https://files.pythonhosted.org/packages/ca/21/293b657a27accfbbbb6007ebd78af0efa2083dac83e8f523272ea09b4638/wrapt-2.1.1-cp310-cp310-macosx_10_9_x86_64.whl", hash = "sha256:7e927375e43fd5a985b27a8992327c22541b6dede1362fc79df337d26e23604f", size = 60554, upload-time = "2026-02-03T02:11:17.362Z" },
    { url = "https://files.pythonhosted.org/packages/25/e9/96dd77728b54a899d4ce2798d7b1296989ce687ed3c0cb917d6b3154bf5d/wrapt-2.1.1-cp310-cp310-macosx_11_0_arm64.whl", hash = "sha256:e1c99544b6a7d40ca22195563b6d8bc3986ee8bb82f272f31f0670fe9440c869", size = 61496, upload-time = "2026-02-03T02:12:54.732Z" },
    { url = "https://files.pythonhosted.org/packages/44/79/4c755b45df6ef30c0dd628ecfaa0c808854be147ca438429da70a162833c/wrapt-2.1.1-cp310-cp310-manylinux1_x86_64.manylinux_2_28_x86_64.manylinux_2_5_x86_64.whl", hash = "sha256:b2be3fa5f4efaf16ee7c77d0556abca35f5a18ad4ac06f0ef3904c3399010ce9", size = 113528, upload-time = "2026-02-03T02:12:26.405Z" },
    { url = "https://files.pythonhosted.org/packages/9f/63/23ce28f7b841217d9a6337a340fbb8d4a7fbd67a89d47f377c8550fa34aa/wrapt-2.1.1-cp310-cp310-manylinux2014_aarch64.manylinux_2_17_aarch64.manylinux_2_28_aarch64.whl", hash = "sha256:67c90c1ae6489a6cb1a82058902caa8006706f7b4e8ff766f943e9d2c8e608d0", size = 115536, upload-time = "2026-02-03T02:11:54.397Z" },
    { url = "https://files.pythonhosted.org/packages/23/7b/5ca8d3b12768670d16c8329e29960eedd56212770365a02a8de8bf73dc01/wrapt-2.1.1-cp310-cp310-musllinux_1_2_aarch64.whl", hash = "sha256:05c0db35ccffd7480143e62df1e829d101c7b86944ae3be7e4869a7efa621f53", size = 114716, upload-time = "2026-02-03T02:12:20.771Z" },
    { url = "https://files.pythonhosted.org/packages/c7/3a/9789ccb14a096d30bb847bf3ee137bf682cc9750c2ce155f4c5ae1962abf/wrapt-2.1.1-cp310-cp310-musllinux_1_2_x86_64.whl", hash = "sha256:0c2ec9f616755b2e1e0bf4d0961f59bb5c2e7a77407e7e2c38ef4f7d2fdde12c", size = 113200, upload-time = "2026-02-03T02:12:07.688Z" },
    { url = "https://files.pythonhosted.org/packages/cf/e5/4ec3526ce6ce920b267c8d35d2c2f0874d3fad2744c8b7259353f1132baa/wrapt-2.1.1-cp310-cp310-win32.whl", hash = "sha256:203ba6b3f89e410e27dbd30ff7dccaf54dcf30fda0b22aa1b82d560c7f9fe9a1", size = 57876, upload-time = "2026-02-03T02:11:42.61Z" },
    { url = "https://files.pythonhosted.org/packages/d1/4e/661c7c76ecd85375b2bc03488941a3a1078642af481db24949e2b9de01f4/wrapt-2.1.1-cp310-cp310-win_amd64.whl", hash = "sha256:6f9426d9cfc2f8732922fc96198052e55c09bb9db3ddaa4323a18e055807410e", size = 60224, upload-time = "2026-02-03T02:11:19.096Z" },
    { url = "https://files.pythonhosted.org/packages/5f/b7/53c7252d371efada4cb119e72e774fa2c6b3011fc33e3e552cdf48fb9488/wrapt-2.1.1-cp310-cp310-win_arm64.whl", hash = "sha256:69c26f51b67076b40714cff81bdd5826c0b10c077fb6b0678393a6a2f952a5fc", size = 58645, upload-time = "2026-02-03T02:12:10.396Z" },
    { url = "https://files.pythonhosted.org/packages/b8/a8/9254e4da74b30a105935197015b18b31b7a298bf046e67d8952ef74967bd/wrapt-2.1.1-cp311-cp311-macosx_10_9_x86_64.whl", hash = "sha256:6c366434a7fb914c7a5de508ed735ef9c133367114e1a7cb91dfb5cd806a1549", size = 60554, upload-time = "2026-02-03T02:11:13.038Z" },
    { url = "https://files.pythonhosted.org/packages/9e/a1/378579880cc7af226354054a2c255f69615b379d8adad482bfe2f22a0dc2/wrapt-2.1.1-cp311-cp311-macosx_11_0_arm64.whl", hash = "sha256:5d6a2068bd2e1e19e5a317c8c0b288267eec4e7347c36bc68a6e378a39f19ee7", size = 61491, upload-time = "2026-02-03T02:12:56.077Z" },
    { url = "https://files.pythonhosted.org/packages/dc/72/957b51c56acca35701665878ad31626182199fc4afecfe67dea072210f95/wrapt-2.1.1-cp311-cp311-manylinux1_x86_64.manylinux_2_28_x86_64.manylinux_2_5_x86_64.whl", hash = "sha256:891ab4713419217b2aed7dd106c9200f64e6a82226775a0d2ebd6bef2ebd1747", size = 113949, upload-time = "2026-02-03T02:11:04.516Z" },
    { url = "https://files.pythonhosted.org/packages/cd/74/36bbebb4a3d2ae9c3e6929639721f8606cd0710a82a777c371aa69e36504/wrapt-2.1.1-cp311-cp311-manylinux2014_aarch64.manylinux_2_17_aarch64.manylinux_2_28_aarch64.whl", hash = "sha256:c8ef36a0df38d2dc9d907f6617f89e113c5892e0a35f58f45f75901af0ce7d81", size = 115989, upload-time = "2026-02-03T02:12:19.398Z" },
    { url = "https://files.pythonhosted.org/packages/ae/0d/f1177245a083c7be284bc90bddfe5aece32cdd5b858049cb69ce001a0e8d/wrapt-2.1.1-cp311-cp311-musllinux_1_2_aarch64.whl", hash = "sha256:76e9af3ebd86f19973143d4d592cbf3e970cf3f66ddee30b16278c26ae34b8ab", size = 115242, upload-time = "2026-02-03T02:11:08.111Z" },
    { url = "https://files.pythonhosted.org/packages/62/3e/3b7cf5da27e59df61b1eae2d07dd03ff5d6f75b5408d694873cca7a8e33c/wrapt-2.1.1-cp311-cp311-musllinux_1_2_x86_64.whl", hash = "sha256:ff562067485ebdeaef2fa3fe9b1876bc4e7b73762e0a01406ad81e2076edcebf", size = 113676, upload-time = "2026-02-03T02:12:41.026Z" },
    { url = "https://files.pythonhosted.org/packages/f7/65/8248d3912c705f2c66f81cb97c77436f37abcbedb16d633b5ab0d795d8cd/wrapt-2.1.1-cp311-cp311-win32.whl", hash = "sha256:9e60a30aa0909435ec4ea2a3c53e8e1b50ac9f640c0e9fe3f21fd248a22f06c5", size = 57863, upload-time = "2026-02-03T02:12:18.112Z" },
    { url = "https://files.pythonhosted.org/packages/6b/31/d29310ab335f71f00c50466153b3dc985aaf4a9fc03263e543e136859541/wrapt-2.1.1-cp311-cp311-win_amd64.whl", hash = "sha256:7d79954f51fcf84e5ec4878ab4aea32610d70145c5bbc84b3370eabfb1e096c2", size = 60224, upload-time = "2026-02-03T02:12:29.289Z" },
    { url = "https://files.pythonhosted.org/packages/0c/90/a6ec319affa6e2894962a0cb9d73c67f88af1a726d15314bfb5c88b8a08d/wrapt-2.1.1-cp311-cp311-win_arm64.whl", hash = "sha256:d3ffc6b0efe79e08fd947605fd598515aebefe45e50432dc3b5cd437df8b1ada", size = 58643, upload-time = "2026-02-03T02:12:43.022Z" },
    { url = "https://files.pythonhosted.org/packages/df/cb/4d5255d19bbd12be7f8ee2c1fb4269dddec9cef777ef17174d357468efaa/wrapt-2.1.1-cp312-cp312-macosx_10_13_x86_64.whl", hash = "sha256:ab8e3793b239db021a18782a5823fcdea63b9fe75d0e340957f5828ef55fcc02", size = 61143, upload-time = "2026-02-03T02:11:46.313Z" },
    { url = "https://files.pythonhosted.org/packages/6f/07/7ed02daa35542023464e3c8b7cb937fa61f6c61c0361ecf8f5fecf8ad8da/wrapt-2.1.1-cp312-cp312-macosx_11_0_arm64.whl", hash = "sha256:7c0300007836373d1c2df105b40777986accb738053a92fe09b615a7a4547e9f", size = 61740, upload-time = "2026-02-03T02:12:51.966Z" },
    { url = "https://files.pythonhosted.org/packages/c4/60/a237a4e4a36f6d966061ccc9b017627d448161b19e0a3ab80a7c7c97f859/wrapt-2.1.1-cp312-cp312-manylinux1_x86_64.manylinux_2_28_x86_64.manylinux_2_5_x86_64.whl", hash = "sha256:2b27c070fd1132ab23957bcd4ee3ba707a91e653a9268dc1afbd39b77b2799f7", size = 121327, upload-time = "2026-02-03T02:11:06.796Z" },
    { url = "https://files.pythonhosted.org/packages/ae/fe/9139058a3daa8818fc67e6460a2340e8bbcf3aef8b15d0301338bbe181ca/wrapt-2.1.1-cp312-cp312-manylinux2014_aarch64.manylinux_2_17_aarch64.manylinux_2_28_aarch64.whl", hash = "sha256:8b0e36d845e8b6f50949b6b65fc6cd279f47a1944582ed4ec8258cd136d89a64", size = 122903, upload-time = "2026-02-03T02:12:48.657Z" },
    { url = "https://files.pythonhosted.org/packages/91/10/b8479202b4164649675846a531763531f0a6608339558b5a0a718fc49a8d/wrapt-2.1.1-cp312-cp312-musllinux_1_2_aarch64.whl", hash = "sha256:4aeea04a9889370fcfb1ef828c4cc583f36a875061505cd6cd9ba24d8b43cc36", size = 121333, upload-time = "2026-02-03T02:11:32.148Z" },
    { url = "https://files.pythonhosted.org/packages/5f/75/75fc793b791d79444aca2c03ccde64e8b99eda321b003f267d570b7b0985/wrapt-2.1.1-cp312-cp312-musllinux_1_2_x86_64.whl", hash = "sha256:d88b46bb0dce9f74b6817bc1758ff2125e1ca9e1377d62ea35b6896142ab6825", size = 120458, upload-time = "2026-02-03T02:11:16.039Z" },
    { url = "https://files.pythonhosted.org/packages/d7/8f/c3f30d511082ca6d947c405f9d8f6c8eaf83cfde527c439ec2c9a30eb5ea/wrapt-2.1.1-cp312-cp312-win32.whl", hash = "sha256:63decff76ca685b5c557082dfbea865f3f5f6d45766a89bff8dc61d336348833", size = 58086, upload-time = "2026-02-03T02:12:35.041Z" },
    { url = "https://files.pythonhosted.org/packages/0a/c8/37625b643eea2849f10c3b90f69c7462faa4134448d4443234adaf122ae5/wrapt-2.1.1-cp312-cp312-win_amd64.whl", hash = "sha256:b828235d26c1e35aca4107039802ae4b1411be0fe0367dd5b7e4d90e562fcbcd", size = 60328, upload-time = "2026-02-03T02:12:45.808Z" },
    { url = "https://files.pythonhosted.org/packages/ce/79/56242f07572d5682ba8065a9d4d9c2218313f576e3c3471873c2a5355ffd/wrapt-2.1.1-cp312-cp312-win_arm64.whl", hash = "sha256:75128507413a9f1bcbe2db88fd18fbdbf80f264b82fa33a6996cdeaf01c52352", size = 58722, upload-time = "2026-02-03T02:12:27.949Z" },
    { url = "https://files.pythonhosted.org/packages/f7/ca/3cf290212855b19af9fcc41b725b5620b32f470d6aad970c2593500817eb/wrapt-2.1.1-cp313-cp313-macosx_10_13_x86_64.whl", hash = "sha256:ce9646e17fa7c3e2e7a87e696c7de66512c2b4f789a8db95c613588985a2e139", size = 61150, upload-time = "2026-02-03T02:12:50.575Z" },
    { url = "https://files.pythonhosted.org/packages/9d/33/5b8f89a82a9859ce82da4870c799ad11ce15648b6e1c820fec3e23f4a19f/wrapt-2.1.1-cp313-cp313-macosx_11_0_arm64.whl", hash = "sha256:428cfc801925454395aa468ba7ddb3ed63dc0d881df7b81626cdd433b4e2b11b", size = 61743, upload-time = "2026-02-03T02:11:55.733Z" },
    { url = "https://files.pythonhosted.org/packages/1e/2f/60c51304fbdf47ce992d9eefa61fbd2c0e64feee60aaa439baf42ea6f40b/wrapt-2.1.1-cp313-cp313-manylinux1_x86_64.manylinux_2_28_x86_64.manylinux_2_5_x86_64.whl", hash = "sha256:5797f65e4d58065a49088c3b32af5410751cd485e83ba89e5a45e2aa8905af98", size = 121341, upload-time = "2026-02-03T02:11:20.461Z" },
    { url = "https://files.pythonhosted.org/packages/ad/03/ce5256e66dd94e521ad5e753c78185c01b6eddbed3147be541f4d38c0cb7/wrapt-2.1.1-cp313-cp313-manylinux2014_aarch64.manylinux_2_17_aarch64.manylinux_2_28_aarch64.whl", hash = "sha256:5a2db44a71202c5ae4bb5f27c6d3afbc5b23053f2e7e78aa29704541b5dad789", size = 122947, upload-time = "2026-02-03T02:11:33.596Z" },
    { url = "https://files.pythonhosted.org/packages/eb/ae/50ca8854b81b946a11a36fcd6ead32336e6db2c14b6e4a8b092b80741178/wrapt-2.1.1-cp313-cp313-musllinux_1_2_aarch64.whl", hash = "sha256:8d5350c3590af09c1703dd60ec78a7370c0186e11eaafb9dda025a30eee6492d", size = 121370, upload-time = "2026-02-03T02:11:09.886Z" },
    { url = "https://files.pythonhosted.org/packages/fb/d9/d6a7c654e0043319b4cc137a4caaf7aa16b46b51ee8df98d1060254705b7/wrapt-2.1.1-cp313-cp313-musllinux_1_2_x86_64.whl", hash = "sha256:2d9b076411bed964e752c01b49fd224cc385f3a96f520c797d38412d70d08359", size = 120465, upload-time = "2026-02-03T02:11:37.592Z" },
    { url = "https://files.pythonhosted.org/packages/55/90/65be41e40845d951f714b5a77e84f377a3787b1e8eee6555a680da6d0db5/wrapt-2.1.1-cp313-cp313-win32.whl", hash = "sha256:0bb7207130ce6486727baa85373503bf3334cc28016f6928a0fa7e19d7ecdc06", size = 58090, upload-time = "2026-02-03T02:12:53.342Z" },
    { url = "https://files.pythonhosted.org/packages/5f/66/6a09e0294c4fc8c26028a03a15191721c9271672467cc33e6617ee0d91d2/wrapt-2.1.1-cp313-cp313-win_amd64.whl", hash = "sha256:cbfee35c711046b15147b0ae7db9b976f01c9520e6636d992cd9e69e5e2b03b1", size = 60341, upload-time = "2026-02-03T02:12:36.384Z" },
    { url = "https://files.pythonhosted.org/packages/7a/f0/20ceb8b701e9a71555c87a5ddecbed76ec16742cf1e4b87bbaf26735f998/wrapt-2.1.1-cp313-cp313-win_arm64.whl", hash = "sha256:7d2756061022aebbf57ba14af9c16e8044e055c22d38de7bf40d92b565ecd2b0", size = 58731, upload-time = "2026-02-03T02:12:01.328Z" },
    { url = "https://files.pythonhosted.org/packages/80/b4/fe95beb8946700b3db371f6ce25115217e7075ca063663b8cca2888ba55c/wrapt-2.1.1-cp313-cp313t-macosx_10_13_x86_64.whl", hash = "sha256:4814a3e58bc6971e46baa910ecee69699110a2bf06c201e24277c65115a20c20", size = 62969, upload-time = "2026-02-03T02:11:51.245Z" },
    { url = "https://files.pythonhosted.org/packages/b8/89/477b0bdc784e3299edf69c279697372b8bd4c31d9c6966eae405442899df/wrapt-2.1.1-cp313-cp313t-macosx_11_0_arm64.whl", hash = "sha256:106c5123232ab9b9f4903692e1fa0bdc231510098f04c13c3081f8ad71c3d612", size = 63606, upload-time = "2026-02-03T02:12:02.64Z" },
    { url = "https://files.pythonhosted.org/packages/ed/55/9d0c1269ab76de87715b3b905df54dd25d55bbffd0b98696893eb613469f/wrapt-2.1.1-cp313-cp313t-manylinux1_x86_64.manylinux_2_28_x86_64.manylinux_2_5_x86_64.whl", hash = "sha256:1a40b83ff2535e6e56f190aff123821eea89a24c589f7af33413b9c19eb2c738", size = 152536, upload-time = "2026-02-03T02:11:24.492Z" },
    { url = "https://files.pythonhosted.org/packages/44/18/2004766030462f79ad86efaa62000b5e39b1ff001dcce86650e1625f40ae/wrapt-2.1.1-cp313-cp313t-manylinux2014_aarch64.manylinux_2_17_aarch64.manylinux_2_28_aarch64.whl", hash = "sha256:789cea26e740d71cf1882e3a42bb29052bc4ada15770c90072cb47bf73fb3dbf", size = 158697, upload-time = "2026-02-03T02:12:32.214Z" },
    { url = "https://files.pythonhosted.org/packages/e1/bb/0a880fa0f35e94ee843df4ee4dd52a699c9263f36881311cfb412c09c3e5/wrapt-2.1.1-cp313-cp313t-musllinux_1_2_aarch64.whl", hash = "sha256:ba49c14222d5e5c0ee394495a8655e991dc06cbca5398153aefa5ac08cd6ccd7", size = 155563, upload-time = "2026-02-03T02:11:49.737Z" },
    { url = "https://files.pythonhosted.org/packages/42/ff/cd1b7c4846c8678fac359a6eb975dc7ab5bd606030adb22acc8b4a9f53f1/wrapt-2.1.1-cp313-cp313t-musllinux_1_2_x86_64.whl", hash = "sha256:ac8cda531fe55be838a17c62c806824472bb962b3afa47ecbd59b27b78496f4e", size = 150161, upload-time = "2026-02-03T02:12:33.613Z" },
    { url = "https://files.pythonhosted.org/packages/38/ec/67c90a7082f452964b4621e4890e9a490f1add23cdeb7483cc1706743291/wrapt-2.1.1-cp313-cp313t-win32.whl", hash = "sha256:b8af75fe20d381dd5bcc9db2e86a86d7fcfbf615383a7147b85da97c1182225b", size = 59783, upload-time = "2026-02-03T02:11:39.863Z" },
    { url = "https://files.pythonhosted.org/packages/ec/08/466afe4855847d8febdfa2c57c87e991fc5820afbdef01a273683dfd15a0/wrapt-2.1.1-cp313-cp313t-win_amd64.whl", hash = "sha256:45c5631c9b6c792b78be2d7352129f776dd72c605be2c3a4e9be346be8376d83", size = 63082, upload-time = "2026-02-03T02:12:09.075Z" },
    { url = "https://files.pythonhosted.org/packages/9a/62/60b629463c28b15b1eeadb3a0691e17568622b12aa5bfa7ebe9b514bfbeb/wrapt-2.1.1-cp313-cp313t-win_arm64.whl", hash = "sha256:da815b9263947ac98d088b6414ac83507809a1d385e4632d9489867228d6d81c", size = 60251, upload-time = "2026-02-03T02:11:21.794Z" },
    { url = "https://files.pythonhosted.org/packages/95/a0/1c2396e272f91efe6b16a6a8bce7ad53856c8f9ae4f34ceaa711d63ec9e1/wrapt-2.1.1-cp314-cp314-macosx_10_15_x86_64.whl", hash = "sha256:9aa1765054245bb01a37f615503290d4e207e3fd59226e78341afb587e9c1236", size = 61311, upload-time = "2026-02-03T02:12:44.41Z" },
    { url = "https://files.pythonhosted.org/packages/b0/9a/d2faba7e61072a7507b5722db63562fdb22f5a24e237d460d18755627f15/wrapt-2.1.1-cp314-cp314-macosx_11_0_arm64.whl", hash = "sha256:feff14b63a6d86c1eee33a57f77573649f2550935981625be7ff3cb7342efe05", size = 61805, upload-time = "2026-02-03T02:11:59.905Z" },
    { url = "https://files.pythonhosted.org/packages/db/56/073989deb4b5d7d6e7ea424476a4ae4bda02140f2dbeaafb14ba4864dd60/wrapt-2.1.1-cp314-cp314-manylinux1_x86_64.manylinux_2_28_x86_64.manylinux_2_5_x86_64.whl", hash = "sha256:81fc5f22d5fcfdbabde96bb3f5379b9f4476d05c6d524d7259dc5dfb501d3281", size = 120308, upload-time = "2026-02-03T02:12:04.46Z" },
    { url = "https://files.pythonhosted.org/packages/d1/b6/84f37261295e38167a29eb82affaf1dc15948dc416925fe2091beee8e4ac/wrapt-2.1.1-cp314-cp314-manylinux2014_aarch64.manylinux_2_17_aarch64.manylinux_2_28_aarch64.whl", hash = "sha256:951b228ecf66def855d22e006ab9a1fc12535111ae7db2ec576c728f8ddb39e8", size = 122688, upload-time = "2026-02-03T02:11:23.148Z" },
    { url = "https://files.pythonhosted.org/packages/ea/80/32db2eec6671f80c65b7ff175be61bc73d7f5223f6910b0c921bbc4bd11c/wrapt-2.1.1-cp314-cp314-musllinux_1_2_aarch64.whl", hash = "sha256:0ddf582a95641b9a8c8bd643e83f34ecbbfe1b68bc3850093605e469ab680ae3", size = 121115, upload-time = "2026-02-03T02:12:39.068Z" },
    { url = "https://files.pythonhosted.org/packages/49/ef/dcd00383df0cd696614127902153bf067971a5aabcd3c9dcb2d8ef354b2a/wrapt-2.1.1-cp314-cp314-musllinux_1_2_x86_64.whl", hash = "sha256:fc5c500966bf48913f795f1984704e6d452ba2414207b15e1f8c339a059d5b16", size = 119484, upload-time = "2026-02-03T02:11:48.419Z" },
    { url = "https://files.pythonhosted.org/packages/76/29/0630280cdd2bd8f86f35cb6854abee1c9d6d1a28a0c6b6417cd15d378325/wrapt-2.1.1-cp314-cp314-win32.whl", hash = "sha256:4aa4baadb1f94b71151b8e44a0c044f6af37396c3b8bcd474b78b49e2130a23b", size = 58514, upload-time = "2026-02-03T02:11:58.616Z" },
    { url = "https://files.pythonhosted.org/packages/db/19/5bed84f9089ed2065f6aeda5dfc4f043743f642bc871454b261c3d7d322b/wrapt-2.1.1-cp314-cp314-win_amd64.whl", hash = "sha256:860e9d3fd81816a9f4e40812f28be4439ab01f260603c749d14be3c0a1170d19", size = 60763, upload-time = "2026-02-03T02:12:24.553Z" },
    { url = "https://files.pythonhosted.org/packages/e4/cb/b967f2f9669e4249b4fe82e630d2a01bc6b9e362b9b12ed91bbe23ae8df4/wrapt-2.1.1-cp314-cp314-win_arm64.whl", hash = "sha256:3c59e103017a2c1ea0ddf589cbefd63f91081d7ce9d491d69ff2512bb1157e23", size = 59051, upload-time = "2026-02-03T02:11:29.602Z" },
    { url = "https://files.pythonhosted.org/packages/eb/19/6fed62be29f97eb8a56aff236c3f960a4b4a86e8379dc7046a8005901a97/wrapt-2.1.1-cp314-cp314t-macosx_10_15_x86_64.whl", hash = "sha256:9fa7c7e1bee9278fc4f5dd8275bc8d25493281a8ec6c61959e37cc46acf02007", size = 63059, upload-time = "2026-02-03T02:12:06.368Z" },
    { url = "https://files.pythonhosted.org/packages/0a/1c/b757fd0adb53d91547ed8fad76ba14a5932d83dde4c994846a2804596378/wrapt-2.1.1-cp314-cp314t-macosx_11_0_arm64.whl", hash = "sha256:39c35e12e8215628984248bd9c8897ce0a474be2a773db207eb93414219d8469", size = 63618, upload-time = "2026-02-03T02:12:23.197Z" },
    { url = "https://files.pythonhosted.org/packages/10/fe/e5ae17b1480957c7988d991b93df9f2425fc51f128cf88144d6a18d0eb12/wrapt-2.1.1-cp314-cp314t-manylinux1_x86_64.manylinux_2_28_x86_64.manylinux_2_5_x86_64.whl", hash = "sha256:94ded4540cac9125eaa8ddf5f651a7ec0da6f5b9f248fe0347b597098f8ec14c", size = 152544, upload-time = "2026-02-03T02:11:43.915Z" },
    { url = "https://files.pythonhosted.org/packages/3e/cc/99aed210c6b547b8a6e4cb9d1425e4466727158a6aeb833aa7997e9e08dd/wrapt-2.1.1-cp314-cp314t-manylinux2014_aarch64.manylinux_2_17_aarch64.manylinux_2_28_aarch64.whl", hash = "sha256:da0af328373f97ed9bdfea24549ac1b944096a5a71b30e41c9b8b53ab3eec04a", size = 158700, upload-time = "2026-02-03T02:12:30.684Z" },
    { url = "https://files.pythonhosted.org/packages/81/0e/d442f745f4957944d5f8ad38bc3a96620bfff3562533b87e486e979f3d99/wrapt-2.1.1-cp314-cp314t-musllinux_1_2_aarch64.whl", hash = "sha256:4ad839b55f0bf235f8e337ce060572d7a06592592f600f3a3029168e838469d3", size = 155561, upload-time = "2026-02-03T02:11:28.164Z" },
    { url = "https://files.pythonhosted.org/packages/51/ac/9891816280e0018c48f8dfd61b136af7b0dcb4a088895db2531acde5631b/wrapt-2.1.1-cp314-cp314t-musllinux_1_2_x86_64.whl", hash = "sha256:0d89c49356e5e2a50fa86b40e0510082abcd0530f926cbd71cf25bee6b9d82d7", size = 150188, upload-time = "2026-02-03T02:11:57.053Z" },
    { url = "https://files.pythonhosted.org/packages/24/98/e2f273b6d70d41f98d0739aa9a269d0b633684a5fb17b9229709375748d4/wrapt-2.1.1-cp314-cp314t-win32.whl", hash = "sha256:f4c7dd22cf7f36aafe772f3d88656559205c3af1b7900adfccb70edeb0d2abc4", size = 60425, upload-time = "2026-02-03T02:11:35.007Z" },
    { url = "https://files.pythonhosted.org/packages/1e/06/b500bfc38a4f82d89f34a13069e748c82c5430d365d9e6b75afb3ab74457/wrapt-2.1.1-cp314-cp314t-win_amd64.whl", hash = "sha256:f76bc12c583ab01e73ba0ea585465a41e48d968f6d1311b4daec4f8654e356e3", size = 63855, upload-time = "2026-02-03T02:12:15.47Z" },
    { url = "https://files.pythonhosted.org/packages/d9/cc/5f6193c32166faee1d2a613f278608e6f3b95b96589d020f0088459c46c9/wrapt-2.1.1-cp314-cp314t-win_arm64.whl", hash = "sha256:7ea74fc0bec172f1ae5f3505b6655c541786a5cabe4bbc0d9723a56ac32eb9b9", size = 60443, upload-time = "2026-02-03T02:11:30.869Z" },
    { url = "https://files.pythonhosted.org/packages/c4/da/5a086bf4c22a41995312db104ec2ffeee2cf6accca9faaee5315c790377d/wrapt-2.1.1-py3-none-any.whl", hash = "sha256:3b0f4629eb954394a3d7c7a1c8cca25f0b07cefe6aa8545e862e9778152de5b7", size = 43886, upload-time = "2026-02-03T02:11:45.048Z" },
]
